
Microsoft Visual Studio Solution File, Format Version 12.00
# Visual Studio Version 16
VisualStudioVersion = 16.0.30611.23
MinimumVisualStudioVersion = 10.0.40219.1
Project("{FAE04EC0-301F-11D3-BF4B-00C04F79EFBC}") = "GameOfLife", "GameOfLife\GameOfLife.csproj", "{75E86A8B-2E50-4294-89C8-9D9FD3E125DA}"
EndProject
Global
	GlobalSection(SolutionConfigurationPlatforms) = preSolution
		Debug|Any CPU = Debug|Any CPU
		Release|Any CPU = Release|Any CPU
	EndGlobalSection
	GlobalSection(ProjectConfigurationPlatforms) = postSolution
		{75E86A8B-2E50-4294-89C8-9D9FD3E125DA}.Debug|Any CPU.ActiveCfg = Debug|Any CPU
		{75E86A8B-2E50-4294-89C8-9D9FD3E125DA}.Debug|Any CPU.Build.0 = Debug|Any CPU
		{75E86A8B-2E50-4294-89C8-9D9FD3E125DA}.Release|Any CPU.ActiveCfg = Release|Any CPU
		{75E86A8B-2E50-4294-89C8-9D9FD3E125DA}.Release|Any CPU.Build.0 = Release|Any CPU
	EndGlobalSection
	GlobalSection(SolutionProperties) = preSolution
		HideSolutionNode = FALSE
	EndGlobalSection
	GlobalSection(ExtensibilityGlobals) = postSolution
		SolutionGuid = {C1935CE5-54E2-4158-A9B8-A7C361E4C967}
	EndGlobalSection
EndGlobal
